<?xml version="1.0" encoding="utf-8"?>
<Project ToolsVersion="4.0" xmlns="http://schemas.microsoft.com/developer/msbuild/2003">
  <ItemGroup>
    <ClCompile Include="Main.cpp" />
    <ClCompile Include="Reference\bullet3-master\src\LinearMath\btPolarDecomposition.cpp">
      <Filter>bullet3-master\src\LinearMath</Filter>
    </ClCompile>
    <ClCompile Include="Reference\bullet3-master\src\LinearMath\btQuickprof.cpp">
      <Filter>bullet3-master\src\LinearMath</Filter>
    </ClCompile>
    <ClCompile Include="Reference\bullet3-master\src\LinearMath\btSerializer.cpp">
      <Filter>bullet3-master\src\LinearMath</Filter>
    </ClCompile>
    <ClCompile Include="Reference\bullet3-master\src\LinearMath\btVector3.cpp">
      <Filter>bullet3-master\src\LinearMath</Filter>
    </ClCompile>
    <ClCompile Include="Reference\bullet3-master\src\LinearMath\btAlignedAllocator.cpp">
      <Filter>bullet3-master\src\LinearMath</Filter>
    </ClCompile>
    <ClCompile Include="Reference\bullet3-master\src\LinearMath\btConvexHull.cpp">
      <Filter>bullet3-master\src\LinearMath</Filter>
    </ClCompile>
    <ClCompile Include="Reference\bullet3-master\src\LinearMath\btConvexHullComputer.cpp">
      <Filter>bullet3-master\src\LinearMath</Filter>
    </ClCompile>
    <ClCompile Include="Reference\bullet3-master\src\LinearMath\btGeometryUtil.cpp">
      <Filter>bullet3-master\src\LinearMath</Filter>
    </ClCompile>
    <ClCompile Include="Reference\vectorclass\dispatch_example.cpp">
      <Filter>vectorclass</Filter>
    </ClCompile>
    <ClCompile Include="Reference\vectorclass\instrset_detect.cpp">
      <Filter>vectorclass</Filter>
    </ClCompile>
    <ClCompile Include="Reference\vectorclass\special\ranvec1.cpp">
      <Filter>vectorclass\special</Filter>
    </ClCompile>
  </ItemGroup>
  <ItemGroup>
    <ClInclude Include="..\Matrix4x4.h" />
    <ClInclude Include="..\Matrix4x4Methods.h" />
    <ClInclude Include="..\Matrix4x4Operators.h" />
    <ClInclude Include="..\Quaternion.h" />
    <ClInclude Include="..\QuaternionMethods.h" />
    <ClInclude Include="..\QuaternionOperators.h" />
    <ClInclude Include="..\Vector2.h" />
    <ClInclude Include="..\Vector2Methods.h" />
    <ClInclude Include="..\Vector2Operators.h" />
    <ClInclude Include="..\Vector3.h" />
    <ClInclude Include="..\Vector3Methods.h" />
    <ClInclude Include="..\Vector3Operators.h" />
    <ClInclude Include="..\Vector4.h" />
    <ClInclude Include="..\Vector4Methods.h" />
    <ClInclude Include="..\Vector4Operators.h" />
    <ClInclude Include="..\xo-math.h" />
    <ClInclude Include="Reference\bullet3-master\src\LinearMath\btHashMap.h">
      <Filter>bullet3-master\src\LinearMath</Filter>
    </ClInclude>
    <ClInclude Include="Reference\bullet3-master\src\LinearMath\btIDebugDraw.h">
      <Filter>bullet3-master\src\LinearMath</Filter>
    </ClInclude>
    <ClInclude Include="Reference\bullet3-master\src\LinearMath\btList.h">
      <Filter>bullet3-master\src\LinearMath</Filter>
    </ClInclude>
    <ClInclude Include="Reference\bullet3-master\src\LinearMath\btMatrix3x3.h">
      <Filter>bullet3-master\src\LinearMath</Filter>
    </ClInclude>
    <ClInclude Include="Reference\bullet3-master\src\LinearMath\btMatrixX.h">
      <Filter>bullet3-master\src\LinearMath</Filter>
    </ClInclude>
    <ClInclude Include="Reference\bullet3-master\src\LinearMath\btMinMax.h">
      <Filter>bullet3-master\src\LinearMath</Filter>
    </ClInclude>
    <ClInclude Include="Reference\bullet3-master\src\LinearMath\btMotionState.h">
      <Filter>bullet3-master\src\LinearMath</Filter>
    </ClInclude>
    <ClInclude Include="Reference\bullet3-master\src\LinearMath\btPolarDecomposition.h">
      <Filter>bullet3-master\src\LinearMath</Filter>
    </ClInclude>
    <ClInclude Include="Reference\bullet3-master\src\LinearMath\btPoolAllocator.h">
      <Filter>bullet3-master\src\LinearMath</Filter>
    </ClInclude>
    <ClInclude Include="Reference\bullet3-master\src\LinearMath\btQuadWord.h">
      <Filter>bullet3-master\src\LinearMath</Filter>
    </ClInclude>
    <ClInclude Include="Reference\bullet3-master\src\LinearMath\btQuaternion.h">
      <Filter>bullet3-master\src\LinearMath</Filter>
    </ClInclude>
    <ClInclude Include="Reference\bullet3-master\src\LinearMath\btQuickprof.h">
      <Filter>bullet3-master\src\LinearMath</Filter>
    </ClInclude>
    <ClInclude Include="Reference\bullet3-master\src\LinearMath\btRandom.h">
      <Filter>bullet3-master\src\LinearMath</Filter>
    </ClInclude>
    <ClInclude Include="Reference\bullet3-master\src\LinearMath\btScalar.h">
      <Filter>bullet3-master\src\LinearMath</Filter>
    </ClInclude>
    <ClInclude Include="Reference\bullet3-master\src\LinearMath\btSerializer.h">
      <Filter>bullet3-master\src\LinearMath</Filter>
    </ClInclude>
    <ClInclude Include="Reference\bullet3-master\src\LinearMath\btSpatialAlgebra.h">
      <Filter>bullet3-master\src\LinearMath</Filter>
    </ClInclude>
    <ClInclude Include="Reference\bullet3-master\src\LinearMath\btStackAlloc.h">
      <Filter>bullet3-master\src\LinearMath</Filter>
    </ClInclude>
    <ClInclude Include="Reference\bullet3-master\src\LinearMath\btTransform.h">
      <Filter>bullet3-master\src\LinearMath</Filter>
    </ClInclude>
    <ClInclude Include="Reference\bullet3-master\src\LinearMath\btTransformUtil.h">
      <Filter>bullet3-master\src\LinearMath</Filter>
    </ClInclude>
    <ClInclude Include="Reference\bullet3-master\src\LinearMath\btVector3.h">
      <Filter>bullet3-master\src\LinearMath</Filter>
    </ClInclude>
    <ClInclude Include="Reference\bullet3-master\src\LinearMath\btAabbUtil2.h">
      <Filter>bullet3-master\src\LinearMath</Filter>
    </ClInclude>
    <ClInclude Include="Reference\bullet3-master\src\LinearMath\btAlignedAllocator.h">
      <Filter>bullet3-master\src\LinearMath</Filter>
    </ClInclude>
    <ClInclude Include="Reference\bullet3-master\src\LinearMath\btAlignedObjectArray.h">
      <Filter>bullet3-master\src\LinearMath</Filter>
    </ClInclude>
    <ClInclude Include="Reference\bullet3-master\src\LinearMath\btConvexHull.h">
      <Filter>bullet3-master\src\LinearMath</Filter>
    </ClInclude>
    <ClInclude Include="Reference\bullet3-master\src\LinearMath\btConvexHullComputer.h">
      <Filter>bullet3-master\src\LinearMath</Filter>
    </ClInclude>
    <ClInclude Include="Reference\bullet3-master\src\LinearMath\btCpuFeatureUtility.h">
      <Filter>bullet3-master\src\LinearMath</Filter>
    </ClInclude>
    <ClInclude Include="Reference\bullet3-master\src\LinearMath\btDefaultMotionState.h">
      <Filter>bullet3-master\src\LinearMath</Filter>
    </ClInclude>
    <ClInclude Include="Reference\bullet3-master\src\LinearMath\btGeometryUtil.h">
      <Filter>bullet3-master\src\LinearMath</Filter>
    </ClInclude>
    <ClInclude Include="Reference\bullet3-master\src\LinearMath\btGrahamScan2dConvexHull.h">
      <Filter>bullet3-master\src\LinearMath</Filter>
    </ClInclude>
    <ClInclude Include="Reference\vectorclass\instrset.h">
      <Filter>vectorclass</Filter>
    </ClInclude>
    <ClInclude Include="Reference\vectorclass\vectorclass.h">
      <Filter>vectorclass</Filter>
    </ClInclude>
    <ClInclude Include="Reference\vectorclass\vectorf128.h">
      <Filter>vectorclass</Filter>
    </ClInclude>
    <ClInclude Include="Reference\vectorclass\vectorf256.h">
      <Filter>vectorclass</Filter>
    </ClInclude>
    <ClInclude Include="Reference\vectorclass\vectorf256e.h">
      <Filter>vectorclass</Filter>
    </ClInclude>
    <ClInclude Include="Reference\vectorclass\vectorf512.h">
      <Filter>vectorclass</Filter>
    </ClInclude>
    <ClInclude Include="Reference\vectorclass\vectorf512e.h">
      <Filter>vectorclass</Filter>
    </ClInclude>
    <ClInclude Include="Reference\vectorclass\vectori128.h">
      <Filter>vectorclass</Filter>
    </ClInclude>
    <ClInclude Include="Reference\vectorclass\vectori256.h">
      <Filter>vectorclass</Filter>
    </ClInclude>
    <ClInclude Include="Reference\vectorclass\vectori256e.h">
      <Filter>vectorclass</Filter>
    </ClInclude>
    <ClInclude Include="Reference\vectorclass\vectori512.h">
      <Filter>vectorclass</Filter>
    </ClInclude>
    <ClInclude Include="Reference\vectorclass\vectori512e.h">
      <Filter>vectorclass</Filter>
    </ClInclude>
    <ClInclude Include="Reference\vectorclass\vectormath_common.h">
      <Filter>vectorclass</Filter>
    </ClInclude>
    <ClInclude Include="Reference\vectorclass\vectormath_exp.h">
      <Filter>vectorclass</Filter>
    </ClInclude>
    <ClInclude Include="Reference\vectorclass\vectormath_hyp.h">
      <Filter>vectorclass</Filter>
    </ClInclude>
    <ClInclude Include="Reference\vectorclass\vectormath_lib.h">
      <Filter>vectorclass</Filter>
    </ClInclude>
    <ClInclude Include="Reference\vectorclass\vectormath_trig.h">
      <Filter>vectorclass</Filter>
    </ClInclude>
    <ClInclude Include="Reference\vectorclass\special\ranvec1.h">
      <Filter>vectorclass\special</Filter>
    </ClInclude>
    <ClInclude Include="Reference\vectorclass\special\vector3d.h">
      <Filter>vectorclass\special</Filter>
    </ClInclude>
    <ClInclude Include="Reference\vectorclass\special\complexvec.h">
      <Filter>vectorclass\special</Filter>
    </ClInclude>
    <ClInclude Include="Reference\vectorclass\special\decimal.h">
      <Filter>vectorclass\special</Filter>
    </ClInclude>
    <ClInclude Include="Reference\vectorclass\special\quaternion.h">
      <Filter>vectorclass\special</Filter>
    </ClInclude>
  </ItemGroup>
  <ItemGroup>
    <Filter Include="bullet3-master">
      <UniqueIdentifier>{27a29369-5cd6-495c-b249-412ec6288cc6}</UniqueIdentifier>
    </Filter>
    <Filter Include="bullet3-master\src">
      <UniqueIdentifier>{5cda272d-3906-433b-ab63-bab1aa423d71}</UniqueIdentifier>
    </Filter>
    <Filter Include="bullet3-master\src\LinearMath">
      <UniqueIdentifier>{9b3c66ff-9121-4be5-8dcc-5410230596d9}</UniqueIdentifier>
    </Filter>
    <Filter Include="vectorclass">
      <UniqueIdentifier>{722dbf0d-e499-4325-bdd9-0e9b446411e6}</UniqueIdentifier>
    </Filter>
    <Filter Include="vectorclass\special">
      <UniqueIdentifier>{959524b0-e4e4-476b-bf7a-35507f4a8b41}</UniqueIdentifier>
    </Filter>
  </ItemGroup>
  <ItemGroup>
    <Text Include="Reference\bullet3-master\src\LinearMath\CMakeLists.txt">
      <Filter>bullet3-master\src\LinearMath</Filter>
    </Text>
  </ItemGroup>
  <ItemGroup>
    <None Include="Reference\bullet3-master\src\LinearMath\premake4.lua">
      <Filter>bullet3-master\src\LinearMath</Filter>
    </None>
  </ItemGroup>
</Project>