<?xml version="1.0" encoding="utf-8"?>
<Project ToolsVersion="4.0" xmlns="http://schemas.microsoft.com/developer/msbuild/2003">
  <ItemGroup>
    <ClCompile Include="Main.cpp" />
  </ItemGroup>
  <ItemGroup>
    <ClInclude Include="..\Matrix4x4.h" />
    <ClInclude Include="..\Matrix4x4Methods.h" />
    <ClInclude Include="..\Matrix4x4Operators.h" />
    <ClInclude Include="..\Quaternion.h" />
    <ClInclude Include="..\QuaternionMethods.h" />
    <ClInclude Include="..\QuaternionOperators.h" />
    <ClInclude Include="..\Vector2.h" />
    <ClInclude Include="..\Vector2Methods.h" />
    <ClInclude Include="..\Vector2Operators.h" />
    <ClInclude Include="..\Vector3.h" />
    <ClInclude Include="..\Vector3Methods.h" />
    <ClInclude Include="..\Vector3Operators.h" />
    <ClInclude Include="..\Vector4.h" />
    <ClInclude Include="..\Vector4Methods.h" />
    <ClInclude Include="..\Vector4Operators.h" />
    <ClInclude Include="..\xo-math.h" />
  </ItemGroup>
</Project>