// !$*UTF8*$!
{
	archiveVersion = 1;
	classes = {
	};
	objectVersion = 46;
	objects = {

/* Begin PBXBuildFile section */
		812D15DB1D49679300195264 /* Main.cpp in Sources */ = {isa = PBXBuildFile; fileRef = 812D15DA1D49679300195264 /* Main.cpp */; };
/* End PBXBuildFile section */

/* Begin PBXCopyFilesBuildPhase section */
		812D15C81D49669A00195264 /* CopyFiles */ = {
			isa = PBXCopyFilesBuildPhase;
			buildActionMask = 2147483647;
			dstPath = /usr/share/man/man1/;
			dstSubfolderSpec = 0;
			files = (
			);
			runOnlyForDeploymentPostprocessing = 1;
		};
/* End PBXCopyFilesBuildPhase section */

/* Begin PBXFileReference section */
		8108E8BA1D568CB400D73D5F /* Matrix4x4.h */ = {isa = PBXFileReference; fileEncoding = 4; lastKnownFileType = sourcecode.c.h; name = Matrix4x4.h; path = ../Matrix4x4.h; sourceTree = "<group>"; };
		8108E8BB1D58B71D00D73D5F /* Vector2Methods.h */ = {isa = PBXFileReference; fileEncoding = 4; lastKnownFileType = sourcecode.c.h; name = Vector2Methods.h; path = ../Vector2Methods.h; sourceTree = "<group>"; };
		8108E8BC1D58B71D00D73D5F /* Vector2Operators.h */ = {isa = PBXFileReference; fileEncoding = 4; lastKnownFileType = sourcecode.c.h; name = Vector2Operators.h; path = ../Vector2Operators.h; sourceTree = "<group>"; };
		8108E8BD1D58B71D00D73D5F /* Vector3Methods.h */ = {isa = PBXFileReference; fileEncoding = 4; lastKnownFileType = sourcecode.c.h; name = Vector3Methods.h; path = ../Vector3Methods.h; sourceTree = "<group>"; };
		8108E8BE1D58B71D00D73D5F /* Vector3Operators.h */ = {isa = PBXFileReference; fileEncoding = 4; lastKnownFileType = sourcecode.c.h; name = Vector3Operators.h; path = ../Vector3Operators.h; sourceTree = "<group>"; };
		8108E8BF1D58B71D00D73D5F /* Vector4Methods.h */ = {isa = PBXFileReference; fileEncoding = 4; lastKnownFileType = sourcecode.c.h; name = Vector4Methods.h; path = ../Vector4Methods.h; sourceTree = "<group>"; };
		8108E8C01D58B71D00D73D5F /* Vector4Operators.h */ = {isa = PBXFileReference; fileEncoding = 4; lastKnownFileType = sourcecode.c.h; name = Vector4Operators.h; path = ../Vector4Operators.h; sourceTree = "<group>"; };
		8108E8C11D5A089400D73D5F /* Matrix4x4Methods.h */ = {isa = PBXFileReference; fileEncoding = 4; lastKnownFileType = sourcecode.c.h; name = Matrix4x4Methods.h; path = ../Matrix4x4Methods.h; sourceTree = "<group>"; };
		8108E8C21D5A089400D73D5F /* Matrix4x4Operators.h */ = {isa = PBXFileReference; fileEncoding = 4; lastKnownFileType = sourcecode.c.h; name = Matrix4x4Operators.h; path = ../Matrix4x4Operators.h; sourceTree = "<group>"; };
		812D15CA1D49669A00195264 /* xo-math */ = {isa = PBXFileReference; explicitFileType = "compiled.mach-o.executable"; includeInIndex = 0; path = "xo-math"; sourceTree = BUILT_PRODUCTS_DIR; };
		812D15DA1D49679300195264 /* Main.cpp */ = {isa = PBXFileReference; fileEncoding = 4; lastKnownFileType = sourcecode.cpp.cpp; path = Main.cpp; sourceTree = SOURCE_ROOT; };
		812D15DD1D4993A900195264 /* Vector2.h */ = {isa = PBXFileReference; fileEncoding = 4; lastKnownFileType = sourcecode.c.h; name = Vector2.h; path = ../Vector2.h; sourceTree = "<group>"; };
		812D15DE1D4993A900195264 /* Vector3.h */ = {isa = PBXFileReference; fileEncoding = 4; lastKnownFileType = sourcecode.c.h; name = Vector3.h; path = ../Vector3.h; sourceTree = "<group>"; };
		816C25901D68A87300DC319A /* Quaternion.h */ = {isa = PBXFileReference; fileEncoding = 4; lastKnownFileType = sourcecode.c.h; name = Quaternion.h; path = ../Quaternion.h; sourceTree = "<group>"; };
		816C25911D68A87300DC319A /* QuaternionMethods.h */ = {isa = PBXFileReference; fileEncoding = 4; lastKnownFileType = sourcecode.c.h; name = QuaternionMethods.h; path = ../QuaternionMethods.h; sourceTree = "<group>"; };
		816C25921D68A87300DC319A /* QuaternionOperators.h */ = {isa = PBXFileReference; fileEncoding = 4; lastKnownFileType = sourcecode.c.h; name = QuaternionOperators.h; path = ../QuaternionOperators.h; sourceTree = "<group>"; };
		816C25931D68A87300DC319A /* xo-math.h */ = {isa = PBXFileReference; fileEncoding = 4; lastKnownFileType = sourcecode.c.h; name = "xo-math.h"; path = "../xo-math.h"; sourceTree = "<group>"; };
		816C25941D6A5C2700DC319A /* SSE.h */ = {isa = PBXFileReference; fileEncoding = 4; lastKnownFileType = sourcecode.c.h; name = SSE.h; path = ../SSE.h; sourceTree = "<group>"; };
		816C25951D6A819000DC319A /* DetectSIMD.h */ = {isa = PBXFileReference; fileEncoding = 4; lastKnownFileType = sourcecode.c.h; name = DetectSIMD.h; path = ../DetectSIMD.h; sourceTree = "<group>"; };
		81BB800A1D4E9FC40064AFE7 /* Test.h */ = {isa = PBXFileReference; fileEncoding = 4; lastKnownFileType = sourcecode.c.h; path = Test.h; sourceTree = "<group>"; };
		81BB800B1D50BCF80064AFE7 /* Vector4.h */ = {isa = PBXFileReference; lastKnownFileType = sourcecode.c.h; name = Vector4.h; path = ../Vector4.h; sourceTree = "<group>"; };
/* End PBXFileReference section */

/* Begin PBXFrameworksBuildPhase section */
		812D15C71D49669A00195264 /* Frameworks */ = {
			isa = PBXFrameworksBuildPhase;
			buildActionMask = 2147483647;
			files = (
			);
			runOnlyForDeploymentPostprocessing = 0;
		};
/* End PBXFrameworksBuildPhase section */

/* Begin PBXGroup section */
		812D15C11D49669A00195264 = {
			isa = PBXGroup;
			children = (
				816C25951D6A819000DC319A /* DetectSIMD.h */,
				816C25941D6A5C2700DC319A /* SSE.h */,
				816C25901D68A87300DC319A /* Quaternion.h */,
				816C25911D68A87300DC319A /* QuaternionMethods.h */,
				816C25921D68A87300DC319A /* QuaternionOperators.h */,
				816C25931D68A87300DC319A /* xo-math.h */,
				8108E8BA1D568CB400D73D5F /* Matrix4x4.h */,
				8108E8C11D5A089400D73D5F /* Matrix4x4Methods.h */,
				8108E8C21D5A089400D73D5F /* Matrix4x4Operators.h */,
				812D15CB1D49669A00195264 /* Products */,
				81BB800A1D4E9FC40064AFE7 /* Test.h */,
				812D15DD1D4993A900195264 /* Vector2.h */,
				8108E8BB1D58B71D00D73D5F /* Vector2Methods.h */,
				8108E8BC1D58B71D00D73D5F /* Vector2Operators.h */,
				812D15DE1D4993A900195264 /* Vector3.h */,
				8108E8BD1D58B71D00D73D5F /* Vector3Methods.h */,
				8108E8BE1D58B71D00D73D5F /* Vector3Operators.h */,
				81BB800B1D50BCF80064AFE7 /* Vector4.h */,
				8108E8BF1D58B71D00D73D5F /* Vector4Methods.h */,
				8108E8C01D58B71D00D73D5F /* Vector4Operators.h */,
				812D15CC1D49669A00195264 /* xo-math */,
			);
			sourceTree = "<group>";
		};
		812D15CB1D49669A00195264 /* Products */ = {
			isa = PBXGroup;
			children = (
				812D15CA1D49669A00195264 /* xo-math */,
			);
			name = Products;
			sourceTree = "<group>";
		};
		812D15CC1D49669A00195264 /* xo-math */ = {
			isa = PBXGroup;
			children = (
				812D15DA1D49679300195264 /* Main.cpp */,
			);
			path = "xo-math";
			sourceTree = "<group>";
		};
/* End PBXGroup section */

/* Begin PBXNativeTarget section */
		812D15C91D49669A00195264 /* xo-math */ = {
			isa = PBXNativeTarget;
			buildConfigurationList = 812D15D11D49669A00195264 /* Build configuration list for PBXNativeTarget "xo-math" */;
			buildPhases = (
				812D15C61D49669A00195264 /* Sources */,
				812D15C71D49669A00195264 /* Frameworks */,
				812D15C81D49669A00195264 /* CopyFiles */,
			);
			buildRules = (
			);
			dependencies = (
			);
			name = "xo-math";
			productName = "xo-math";
			productReference = 812D15CA1D49669A00195264 /* xo-math */;
			productType = "com.apple.product-type.tool";
		};
/* End PBXNativeTarget section */

/* Begin PBXProject section */
		812D15C21D49669A00195264 /* Project object */ = {
			isa = PBXProject;
			attributes = {
				LastUpgradeCheck = 0730;
				ORGANIZATIONNAME = "Jared Thomson";
				TargetAttributes = {
					812D15C91D49669A00195264 = {
						CreatedOnToolsVersion = 7.3.1;
					};
				};
			};
			buildConfigurationList = 812D15C51D49669A00195264 /* Build configuration list for PBXProject "xo-math" */;
			compatibilityVersion = "Xcode 3.2";
			developmentRegion = English;
			hasScannedForEncodings = 0;
			knownRegions = (
				en,
			);
			mainGroup = 812D15C11D49669A00195264;
			productRefGroup = 812D15CB1D49669A00195264 /* Products */;
			projectDirPath = "";
			projectRoot = "";
			targets = (
				812D15C91D49669A00195264 /* xo-math */,
			);
		};
/* End PBXProject section */

/* Begin PBXSourcesBuildPhase section */
		812D15C61D49669A00195264 /* Sources */ = {
			isa = PBXSourcesBuildPhase;
			buildActionMask = 2147483647;
			files = (
				812D15DB1D49679300195264 /* Main.cpp in Sources */,
			);
			runOnlyForDeploymentPostprocessing = 0;
		};
/* End PBXSourcesBuildPhase section */

/* Begin XCBuildConfiguration section */
		812D15CF1D49669A00195264 /* Debug */ = {
			isa = XCBuildConfiguration;
			buildSettings = {
				ALWAYS_SEARCH_USER_PATHS = NO;
				CLANG_ANALYZER_NONNULL = YES;
				CLANG_CXX_LANGUAGE_STANDARD = "gnu++0x";
				CLANG_CXX_LIBRARY = "libc++";
				CLANG_ENABLE_MODULES = YES;
				CLANG_ENABLE_OBJC_ARC = YES;
				CLANG_WARN_BOOL_CONVERSION = YES;
				CLANG_WARN_CONSTANT_CONVERSION = YES;
				CLANG_WARN_DIRECT_OBJC_ISA_USAGE = YES_ERROR;
				CLANG_WARN_EMPTY_BODY = YES;
				CLANG_WARN_ENUM_CONVERSION = YES;
				CLANG_WARN_INT_CONVERSION = YES;
				CLANG_WARN_OBJC_ROOT_CLASS = YES_ERROR;
				CLANG_WARN_UNREACHABLE_CODE = YES;
				CLANG_WARN__DUPLICATE_METHOD_MATCH = YES;
				CODE_SIGN_IDENTITY = "-";
				COPY_PHASE_STRIP = NO;
				DEBUG_INFORMATION_FORMAT = dwarf;
				ENABLE_STRICT_OBJC_MSGSEND = YES;
				ENABLE_TESTABILITY = YES;
				GCC_C_LANGUAGE_STANDARD = gnu99;
				GCC_DYNAMIC_NO_PIC = NO;
				GCC_NO_COMMON_BLOCKS = YES;
				GCC_OPTIMIZATION_LEVEL = 0;
				GCC_PREPROCESSOR_DEFINITIONS = (
					"DEBUG=1",
					"$(inherited)",
				);
				GCC_WARN_64_TO_32_BIT_CONVERSION = YES;
				GCC_WARN_ABOUT_RETURN_TYPE = YES_ERROR;
				GCC_WARN_UNDECLARED_SELECTOR = YES;
				GCC_WARN_UNINITIALIZED_AUTOS = YES_AGGRESSIVE;
				GCC_WARN_UNUSED_FUNCTION = YES;
				GCC_WARN_UNUSED_VARIABLE = YES;
				MACOSX_DEPLOYMENT_TARGET = 10.11;
				MTL_ENABLE_DEBUG_INFO = YES;
				ONLY_ACTIVE_ARCH = YES;
				SDKROOT = macosx;
			};
			name = Debug;
		};
		812D15D01D49669A00195264 /* Release */ = {
			isa = XCBuildConfiguration;
			buildSettings = {
				ALWAYS_SEARCH_USER_PATHS = NO;
				CLANG_ANALYZER_NONNULL = YES;
				CLANG_CXX_LANGUAGE_STANDARD = "gnu++0x";
				CLANG_CXX_LIBRARY = "libc++";
				CLANG_ENABLE_MODULES = YES;
				CLANG_ENABLE_OBJC_ARC = YES;
				CLANG_WARN_BOOL_CONVERSION = YES;
				CLANG_WARN_CONSTANT_CONVERSION = YES;
				CLANG_WARN_DIRECT_OBJC_ISA_USAGE = YES_ERROR;
				CLANG_WARN_EMPTY_BODY = YES;
				CLANG_WARN_ENUM_CONVERSION = YES;
				CLANG_WARN_INT_CONVERSION = YES;
				CLANG_WARN_OBJC_ROOT_CLASS = YES_ERROR;
				CLANG_WARN_UNREACHABLE_CODE = YES;
				CLANG_WARN__DUPLICATE_METHOD_MATCH = YES;
				CODE_SIGN_IDENTITY = "-";
				COPY_PHASE_STRIP = NO;
				DEBUG_INFORMATION_FORMAT = "dwarf-with-dsym";
				ENABLE_NS_ASSERTIONS = NO;
				ENABLE_STRICT_OBJC_MSGSEND = YES;
				GCC_C_LANGUAGE_STANDARD = gnu99;
				GCC_NO_COMMON_BLOCKS = YES;
				GCC_WARN_64_TO_32_BIT_CONVERSION = YES;
				GCC_WARN_ABOUT_RETURN_TYPE = YES_ERROR;
				GCC_WARN_UNDECLARED_SELECTOR = YES;
				GCC_WARN_UNINITIALIZED_AUTOS = YES_AGGRESSIVE;
				GCC_WARN_UNUSED_FUNCTION = YES;
				GCC_WARN_UNUSED_VARIABLE = YES;
				MACOSX_DEPLOYMENT_TARGET = 10.11;
				MTL_ENABLE_DEBUG_INFO = NO;
				SDKROOT = macosx;
			};
			name = Release;
		};
		812D15D21D49669A00195264 /* Debug */ = {
			isa = XCBuildConfiguration;
			buildSettings = {
				CLANG_CXX_LANGUAGE_STANDARD = "c++0x";
				CLANG_X86_VECTOR_INSTRUCTIONS = sse4.2;
				PRODUCT_NAME = "$(TARGET_NAME)";
			};
			name = Debug;
		};
		812D15D31D49669A00195264 /* Release */ = {
			isa = XCBuildConfiguration;
			buildSettings = {
				CLANG_CXX_LANGUAGE_STANDARD = "c++0x";
				CLANG_X86_VECTOR_INSTRUCTIONS = sse4.2;
				PRODUCT_NAME = "$(TARGET_NAME)";
			};
			name = Release;
		};
/* End XCBuildConfiguration section */

/* Begin XCConfigurationList section */
		812D15C51D49669A00195264 /* Build configuration list for PBXProject "xo-math" */ = {
			isa = XCConfigurationList;
			buildConfigurations = (
				812D15CF1D49669A00195264 /* Debug */,
				812D15D01D49669A00195264 /* Release */,
			);
			defaultConfigurationIsVisible = 0;
			defaultConfigurationName = Release;
		};
		812D15D11D49669A00195264 /* Build configuration list for PBXNativeTarget "xo-math" */ = {
			isa = XCConfigurationList;
			buildConfigurations = (
				812D15D21D49669A00195264 /* Debug */,
				812D15D31D49669A00195264 /* Release */,
			);
			defaultConfigurationIsVisible = 0;
			defaultConfigurationName = Release;
		};
/* End XCConfigurationList section */
	};
	rootObject = 812D15C21D49669A00195264 /* Project object */;
}
