// !$*UTF8*$!
{
	archiveVersion = 1;
	classes = {
	};
	objectVersion = 46;
	objects = {

/* Begin PBXBuildFile section */
		812D15DB1D49679300195264 /* Main.cpp in Sources */ = {isa = PBXBuildFile; fileRef = 812D15DA1D49679300195264 /* Main.cpp */; };
		81EE87091D95E1C300ECCDB4 /* Matrix4x4.cpp in Sources */ = {isa = PBXBuildFile; fileRef = 81EE87021D95E1C200ECCDB4 /* Matrix4x4.cpp */; };
		81EE870A1D95E1C300ECCDB4 /* Quaternion.cpp in Sources */ = {isa = PBXBuildFile; fileRef = 81EE87031D95E1C200ECCDB4 /* Quaternion.cpp */; };
		81EE870B1D95E1C300ECCDB4 /* sse.cpp in Sources */ = {isa = PBXBuildFile; fileRef = 81EE87041D95E1C200ECCDB4 /* sse.cpp */; };
		81EE870C1D95E1C300ECCDB4 /* Vector2.cpp in Sources */ = {isa = PBXBuildFile; fileRef = 81EE87051D95E1C200ECCDB4 /* Vector2.cpp */; };
		81EE870D1D95E1C300ECCDB4 /* Vector3.cpp in Sources */ = {isa = PBXBuildFile; fileRef = 81EE87061D95E1C200ECCDB4 /* Vector3.cpp */; };
		81EE870E1D95E1C300ECCDB4 /* Vector4.cpp in Sources */ = {isa = PBXBuildFile; fileRef = 81EE87071D95E1C300ECCDB4 /* Vector4.cpp */; };
		81EE870F1D95E1C300ECCDB4 /* xo-math.cpp in Sources */ = {isa = PBXBuildFile; fileRef = 81EE87081D95E1C300ECCDB4 /* xo-math.cpp */; };
/* End PBXBuildFile section */

/* Begin PBXCopyFilesBuildPhase section */
		812D15C81D49669A00195264 /* CopyFiles */ = {
			isa = PBXCopyFilesBuildPhase;
			buildActionMask = 2147483647;
			dstPath = /usr/share/man/man1/;
			dstSubfolderSpec = 0;
			files = (
			);
			runOnlyForDeploymentPostprocessing = 1;
		};
/* End PBXCopyFilesBuildPhase section */

/* Begin PBXFileReference section */
		812D15CA1D49669A00195264 /* xo-math */ = {isa = PBXFileReference; explicitFileType = "compiled.mach-o.executable"; includeInIndex = 0; path = "xo-math"; sourceTree = BUILT_PRODUCTS_DIR; };
		812D15DA1D49679300195264 /* Main.cpp */ = {isa = PBXFileReference; fileEncoding = 4; lastKnownFileType = sourcecode.cpp.cpp; path = Main.cpp; sourceTree = SOURCE_ROOT; };
		81EE86F01D8F1EB300ECCDB4 /* DetectSIMD.h */ = {isa = PBXFileReference; fileEncoding = 4; lastKnownFileType = sourcecode.c.h; name = DetectSIMD.h; path = include/DetectSIMD.h; sourceTree = SOURCE_ROOT; };
		81EE86F11D8F1EB300ECCDB4 /* Matrix4x4.h */ = {isa = PBXFileReference; fileEncoding = 4; lastKnownFileType = sourcecode.c.h; name = Matrix4x4.h; path = include/Matrix4x4.h; sourceTree = SOURCE_ROOT; };
		81EE86F21D8F1EB300ECCDB4 /* Matrix4x4Methods.h */ = {isa = PBXFileReference; fileEncoding = 4; lastKnownFileType = sourcecode.c.h; name = Matrix4x4Methods.h; path = include/Matrix4x4Methods.h; sourceTree = SOURCE_ROOT; };
		81EE86F31D8F1EB300ECCDB4 /* Matrix4x4Operators.h */ = {isa = PBXFileReference; fileEncoding = 4; lastKnownFileType = sourcecode.c.h; name = Matrix4x4Operators.h; path = include/Matrix4x4Operators.h; sourceTree = SOURCE_ROOT; };
		81EE86F41D8F1EB300ECCDB4 /* Quaternion.h */ = {isa = PBXFileReference; fileEncoding = 4; lastKnownFileType = sourcecode.c.h; name = Quaternion.h; path = include/Quaternion.h; sourceTree = SOURCE_ROOT; };
		81EE86F51D8F1EB300ECCDB4 /* QuaternionMethods.h */ = {isa = PBXFileReference; fileEncoding = 4; lastKnownFileType = sourcecode.c.h; name = QuaternionMethods.h; path = include/QuaternionMethods.h; sourceTree = SOURCE_ROOT; };
		81EE86F61D8F1EB300ECCDB4 /* QuaternionOperators.h */ = {isa = PBXFileReference; fileEncoding = 4; lastKnownFileType = sourcecode.c.h; name = QuaternionOperators.h; path = include/QuaternionOperators.h; sourceTree = SOURCE_ROOT; };
		81EE86F71D8F1EB300ECCDB4 /* SSE.h */ = {isa = PBXFileReference; fileEncoding = 4; lastKnownFileType = sourcecode.c.h; name = SSE.h; path = include/SSE.h; sourceTree = SOURCE_ROOT; };
		81EE86F81D8F1EB300ECCDB4 /* Vector2.h */ = {isa = PBXFileReference; fileEncoding = 4; lastKnownFileType = sourcecode.c.h; name = Vector2.h; path = include/Vector2.h; sourceTree = SOURCE_ROOT; };
		81EE86F91D8F1EB300ECCDB4 /* Vector2Methods.h */ = {isa = PBXFileReference; fileEncoding = 4; lastKnownFileType = sourcecode.c.h; name = Vector2Methods.h; path = include/Vector2Methods.h; sourceTree = SOURCE_ROOT; };
		81EE86FA1D8F1EB300ECCDB4 /* Vector2Operators.h */ = {isa = PBXFileReference; fileEncoding = 4; lastKnownFileType = sourcecode.c.h; name = Vector2Operators.h; path = include/Vector2Operators.h; sourceTree = SOURCE_ROOT; };
		81EE86FB1D8F1EB300ECCDB4 /* Vector3.h */ = {isa = PBXFileReference; fileEncoding = 4; lastKnownFileType = sourcecode.c.h; name = Vector3.h; path = include/Vector3.h; sourceTree = SOURCE_ROOT; };
		81EE86FC1D8F1EB300ECCDB4 /* Vector3Methods.h */ = {isa = PBXFileReference; fileEncoding = 4; lastKnownFileType = sourcecode.c.h; name = Vector3Methods.h; path = include/Vector3Methods.h; sourceTree = SOURCE_ROOT; };
		81EE86FD1D8F1EB300ECCDB4 /* Vector3Operators.h */ = {isa = PBXFileReference; fileEncoding = 4; lastKnownFileType = sourcecode.c.h; name = Vector3Operators.h; path = include/Vector3Operators.h; sourceTree = SOURCE_ROOT; };
		81EE86FE1D8F1EB300ECCDB4 /* Vector4.h */ = {isa = PBXFileReference; fileEncoding = 4; lastKnownFileType = sourcecode.c.h; name = Vector4.h; path = include/Vector4.h; sourceTree = SOURCE_ROOT; };
		81EE86FF1D8F1EB300ECCDB4 /* Vector4Methods.h */ = {isa = PBXFileReference; fileEncoding = 4; lastKnownFileType = sourcecode.c.h; name = Vector4Methods.h; path = include/Vector4Methods.h; sourceTree = SOURCE_ROOT; };
		81EE87001D8F1EB300ECCDB4 /* Vector4Operators.h */ = {isa = PBXFileReference; fileEncoding = 4; lastKnownFileType = sourcecode.c.h; name = Vector4Operators.h; path = include/Vector4Operators.h; sourceTree = SOURCE_ROOT; };
		81EE87011D8F1EB300ECCDB4 /* xo-math.h */ = {isa = PBXFileReference; fileEncoding = 4; lastKnownFileType = sourcecode.c.h; name = "xo-math.h"; path = "include/xo-math.h"; sourceTree = SOURCE_ROOT; };
		81EE87021D95E1C200ECCDB4 /* Matrix4x4.cpp */ = {isa = PBXFileReference; fileEncoding = 4; lastKnownFileType = sourcecode.cpp.cpp; name = Matrix4x4.cpp; path = src/Matrix4x4.cpp; sourceTree = SOURCE_ROOT; };
		81EE87031D95E1C200ECCDB4 /* Quaternion.cpp */ = {isa = PBXFileReference; fileEncoding = 4; lastKnownFileType = sourcecode.cpp.cpp; name = Quaternion.cpp; path = src/Quaternion.cpp; sourceTree = SOURCE_ROOT; };
		81EE87041D95E1C200ECCDB4 /* sse.cpp */ = {isa = PBXFileReference; fileEncoding = 4; lastKnownFileType = sourcecode.cpp.cpp; name = sse.cpp; path = src/sse.cpp; sourceTree = SOURCE_ROOT; };
		81EE87051D95E1C200ECCDB4 /* Vector2.cpp */ = {isa = PBXFileReference; fileEncoding = 4; lastKnownFileType = sourcecode.cpp.cpp; name = Vector2.cpp; path = src/Vector2.cpp; sourceTree = SOURCE_ROOT; };
		81EE87061D95E1C200ECCDB4 /* Vector3.cpp */ = {isa = PBXFileReference; fileEncoding = 4; lastKnownFileType = sourcecode.cpp.cpp; name = Vector3.cpp; path = src/Vector3.cpp; sourceTree = SOURCE_ROOT; };
		81EE87071D95E1C300ECCDB4 /* Vector4.cpp */ = {isa = PBXFileReference; fileEncoding = 4; lastKnownFileType = sourcecode.cpp.cpp; name = Vector4.cpp; path = src/Vector4.cpp; sourceTree = SOURCE_ROOT; };
		81EE87081D95E1C300ECCDB4 /* xo-math.cpp */ = {isa = PBXFileReference; fileEncoding = 4; lastKnownFileType = sourcecode.cpp.cpp; name = "xo-math.cpp"; path = "src/xo-math.cpp"; sourceTree = SOURCE_ROOT; };
		81EE87101D95E1CE00ECCDB4 /* xo-math-config.h */ = {isa = PBXFileReference; fileEncoding = 4; lastKnownFileType = sourcecode.c.h; name = "xo-math-config.h"; path = "include/xo-math-config.h"; sourceTree = SOURCE_ROOT; };
/* End PBXFileReference section */

/* Begin PBXFrameworksBuildPhase section */
		812D15C71D49669A00195264 /* Frameworks */ = {
			isa = PBXFrameworksBuildPhase;
			buildActionMask = 2147483647;
			files = (
			);
			runOnlyForDeploymentPostprocessing = 0;
		};
/* End PBXFrameworksBuildPhase section */

/* Begin PBXGroup section */
		812D15C11D49669A00195264 = {
			isa = PBXGroup;
			children = (
				812D15CB1D49669A00195264 /* Products */,
				812D15CC1D49669A00195264 /* xo-math */,
			);
			sourceTree = "<group>";
		};
		812D15CB1D49669A00195264 /* Products */ = {
			isa = PBXGroup;
			children = (
				812D15CA1D49669A00195264 /* xo-math */,
			);
			name = Products;
			sourceTree = "<group>";
		};
		812D15CC1D49669A00195264 /* xo-math */ = {
			isa = PBXGroup;
			children = (
				81EE87101D95E1CE00ECCDB4 /* xo-math-config.h */,
				81EE87021D95E1C200ECCDB4 /* Matrix4x4.cpp */,
				81EE87031D95E1C200ECCDB4 /* Quaternion.cpp */,
				81EE87041D95E1C200ECCDB4 /* sse.cpp */,
				81EE87051D95E1C200ECCDB4 /* Vector2.cpp */,
				81EE87061D95E1C200ECCDB4 /* Vector3.cpp */,
				81EE87071D95E1C300ECCDB4 /* Vector4.cpp */,
				81EE87081D95E1C300ECCDB4 /* xo-math.cpp */,
				81EE86F01D8F1EB300ECCDB4 /* DetectSIMD.h */,
				81EE86F11D8F1EB300ECCDB4 /* Matrix4x4.h */,
				81EE86F21D8F1EB300ECCDB4 /* Matrix4x4Methods.h */,
				81EE86F31D8F1EB300ECCDB4 /* Matrix4x4Operators.h */,
				81EE86F41D8F1EB300ECCDB4 /* Quaternion.h */,
				81EE86F51D8F1EB300ECCDB4 /* QuaternionMethods.h */,
				81EE86F61D8F1EB300ECCDB4 /* QuaternionOperators.h */,
				81EE86F71D8F1EB300ECCDB4 /* SSE.h */,
				81EE86F81D8F1EB300ECCDB4 /* Vector2.h */,
				81EE86F91D8F1EB300ECCDB4 /* Vector2Methods.h */,
				81EE86FA1D8F1EB300ECCDB4 /* Vector2Operators.h */,
				81EE86FB1D8F1EB300ECCDB4 /* Vector3.h */,
				81EE86FC1D8F1EB300ECCDB4 /* Vector3Methods.h */,
				81EE86FD1D8F1EB300ECCDB4 /* Vector3Operators.h */,
				81EE86FE1D8F1EB300ECCDB4 /* Vector4.h */,
				81EE86FF1D8F1EB300ECCDB4 /* Vector4Methods.h */,
				81EE87001D8F1EB300ECCDB4 /* Vector4Operators.h */,
				81EE87011D8F1EB300ECCDB4 /* xo-math.h */,
				812D15DA1D49679300195264 /* Main.cpp */,
			);
			path = "xo-math";
			sourceTree = "<group>";
		};
/* End PBXGroup section */

/* Begin PBXNativeTarget section */
		812D15C91D49669A00195264 /* xo-math */ = {
			isa = PBXNativeTarget;
			buildConfigurationList = 812D15D11D49669A00195264 /* Build configuration list for PBXNativeTarget "xo-math" */;
			buildPhases = (
				812D15C61D49669A00195264 /* Sources */,
				812D15C71D49669A00195264 /* Frameworks */,
				812D15C81D49669A00195264 /* CopyFiles */,
			);
			buildRules = (
			);
			dependencies = (
			);
			name = "xo-math";
			productName = "xo-math";
			productReference = 812D15CA1D49669A00195264 /* xo-math */;
			productType = "com.apple.product-type.tool";
		};
/* End PBXNativeTarget section */

/* Begin PBXProject section */
		812D15C21D49669A00195264 /* Project object */ = {
			isa = PBXProject;
			attributes = {
				LastUpgradeCheck = 0730;
				ORGANIZATIONNAME = "Jared Thomson";
				TargetAttributes = {
					812D15C91D49669A00195264 = {
						CreatedOnToolsVersion = 7.3.1;
					};
				};
			};
			buildConfigurationList = 812D15C51D49669A00195264 /* Build configuration list for PBXProject "xo-math" */;
			compatibilityVersion = "Xcode 3.2";
			developmentRegion = English;
			hasScannedForEncodings = 0;
			knownRegions = (
				en,
			);
			mainGroup = 812D15C11D49669A00195264;
			productRefGroup = 812D15CB1D49669A00195264 /* Products */;
			projectDirPath = "";
			projectRoot = "";
			targets = (
				812D15C91D49669A00195264 /* xo-math */,
			);
		};
/* End PBXProject section */

/* Begin PBXSourcesBuildPhase section */
		812D15C61D49669A00195264 /* Sources */ = {
			isa = PBXSourcesBuildPhase;
			buildActionMask = 2147483647;
			files = (
				81EE870E1D95E1C300ECCDB4 /* Vector4.cpp in Sources */,
				812D15DB1D49679300195264 /* Main.cpp in Sources */,
				81EE870F1D95E1C300ECCDB4 /* xo-math.cpp in Sources */,
				81EE87091D95E1C300ECCDB4 /* Matrix4x4.cpp in Sources */,
				81EE870C1D95E1C300ECCDB4 /* Vector2.cpp in Sources */,
				81EE870A1D95E1C300ECCDB4 /* Quaternion.cpp in Sources */,
				81EE870D1D95E1C300ECCDB4 /* Vector3.cpp in Sources */,
				81EE870B1D95E1C300ECCDB4 /* sse.cpp in Sources */,
			);
			runOnlyForDeploymentPostprocessing = 0;
		};
/* End PBXSourcesBuildPhase section */

/* Begin XCBuildConfiguration section */
		812D15CF1D49669A00195264 /* Debug */ = {
			isa = XCBuildConfiguration;
			buildSettings = {
				ALWAYS_SEARCH_USER_PATHS = NO;
				CLANG_ANALYZER_NONNULL = YES;
				CLANG_CXX_LANGUAGE_STANDARD = "gnu++0x";
				CLANG_CXX_LIBRARY = "libc++";
				CLANG_ENABLE_MODULES = YES;
				CLANG_ENABLE_OBJC_ARC = YES;
				CLANG_WARN_BOOL_CONVERSION = YES;
				CLANG_WARN_CONSTANT_CONVERSION = YES;
				CLANG_WARN_DIRECT_OBJC_ISA_USAGE = YES_ERROR;
				CLANG_WARN_EMPTY_BODY = YES;
				CLANG_WARN_ENUM_CONVERSION = YES;
				CLANG_WARN_INT_CONVERSION = YES;
				CLANG_WARN_OBJC_ROOT_CLASS = YES_ERROR;
				CLANG_WARN_UNREACHABLE_CODE = YES;
				CLANG_WARN__DUPLICATE_METHOD_MATCH = YES;
				CODE_SIGN_IDENTITY = "-";
				COPY_PHASE_STRIP = NO;
				DEBUG_INFORMATION_FORMAT = dwarf;
				ENABLE_STRICT_OBJC_MSGSEND = YES;
				ENABLE_TESTABILITY = YES;
				GCC_C_LANGUAGE_STANDARD = gnu99;
				GCC_DYNAMIC_NO_PIC = NO;
				GCC_NO_COMMON_BLOCKS = YES;
				GCC_OPTIMIZATION_LEVEL = 0;
				GCC_PREPROCESSOR_DEFINITIONS = (
					"DEBUG=1",
					"$(inherited)",
				);
				GCC_WARN_64_TO_32_BIT_CONVERSION = YES;
				GCC_WARN_ABOUT_RETURN_TYPE = YES_ERROR;
				GCC_WARN_UNDECLARED_SELECTOR = YES;
				GCC_WARN_UNINITIALIZED_AUTOS = YES_AGGRESSIVE;
				GCC_WARN_UNUSED_FUNCTION = YES;
				GCC_WARN_UNUSED_VARIABLE = YES;
				MACOSX_DEPLOYMENT_TARGET = 10.11;
				MTL_ENABLE_DEBUG_INFO = YES;
				ONLY_ACTIVE_ARCH = YES;
				SDKROOT = macosx;
			};
			name = Debug;
		};
		812D15D01D49669A00195264 /* Release */ = {
			isa = XCBuildConfiguration;
			buildSettings = {
				ALWAYS_SEARCH_USER_PATHS = NO;
				CLANG_ANALYZER_NONNULL = YES;
				CLANG_CXX_LANGUAGE_STANDARD = "gnu++0x";
				CLANG_CXX_LIBRARY = "libc++";
				CLANG_ENABLE_MODULES = YES;
				CLANG_ENABLE_OBJC_ARC = YES;
				CLANG_WARN_BOOL_CONVERSION = YES;
				CLANG_WARN_CONSTANT_CONVERSION = YES;
				CLANG_WARN_DIRECT_OBJC_ISA_USAGE = YES_ERROR;
				CLANG_WARN_EMPTY_BODY = YES;
				CLANG_WARN_ENUM_CONVERSION = YES;
				CLANG_WARN_INT_CONVERSION = YES;
				CLANG_WARN_OBJC_ROOT_CLASS = YES_ERROR;
				CLANG_WARN_UNREACHABLE_CODE = YES;
				CLANG_WARN__DUPLICATE_METHOD_MATCH = YES;
				CODE_SIGN_IDENTITY = "-";
				COPY_PHASE_STRIP = NO;
				DEBUG_INFORMATION_FORMAT = "dwarf-with-dsym";
				ENABLE_NS_ASSERTIONS = NO;
				ENABLE_STRICT_OBJC_MSGSEND = YES;
				GCC_C_LANGUAGE_STANDARD = gnu99;
				GCC_NO_COMMON_BLOCKS = YES;
				GCC_WARN_64_TO_32_BIT_CONVERSION = YES;
				GCC_WARN_ABOUT_RETURN_TYPE = YES_ERROR;
				GCC_WARN_UNDECLARED_SELECTOR = YES;
				GCC_WARN_UNINITIALIZED_AUTOS = YES_AGGRESSIVE;
				GCC_WARN_UNUSED_FUNCTION = YES;
				GCC_WARN_UNUSED_VARIABLE = YES;
				MACOSX_DEPLOYMENT_TARGET = 10.11;
				MTL_ENABLE_DEBUG_INFO = NO;
				SDKROOT = macosx;
			};
			name = Release;
		};
		812D15D21D49669A00195264 /* Debug */ = {
			isa = XCBuildConfiguration;
			buildSettings = {
				CLANG_CXX_LANGUAGE_STANDARD = "c++0x";
				CLANG_X86_VECTOR_INSTRUCTIONS = sse4.2;
				PRODUCT_NAME = "$(TARGET_NAME)";
			};
			name = Debug;
		};
		812D15D31D49669A00195264 /* Release */ = {
			isa = XCBuildConfiguration;
			buildSettings = {
				CLANG_CXX_LANGUAGE_STANDARD = "c++0x";
				CLANG_X86_VECTOR_INSTRUCTIONS = sse4.2;
				PRODUCT_NAME = "$(TARGET_NAME)";
			};
			name = Release;
		};
/* End XCBuildConfiguration section */

/* Begin XCConfigurationList section */
		812D15C51D49669A00195264 /* Build configuration list for PBXProject "xo-math" */ = {
			isa = XCConfigurationList;
			buildConfigurations = (
				812D15CF1D49669A00195264 /* Debug */,
				812D15D01D49669A00195264 /* Release */,
			);
			defaultConfigurationIsVisible = 0;
			defaultConfigurationName = Release;
		};
		812D15D11D49669A00195264 /* Build configuration list for PBXNativeTarget "xo-math" */ = {
			isa = XCConfigurationList;
			buildConfigurations = (
				812D15D21D49669A00195264 /* Debug */,
				812D15D31D49669A00195264 /* Release */,
			);
			defaultConfigurationIsVisible = 0;
			defaultConfigurationName = Release;
		};
/* End XCConfigurationList section */
	};
	rootObject = 812D15C21D49669A00195264 /* Project object */;
}
